
Microsoft Visual Studio Solution File, Format Version 12.00
# Visual Studio Version 17
VisualStudioVersion = 17.14.36109.1 d17.14
MinimumVisualStudioVersion = 10.0.40219.1
Project("{FAE04EC0-301F-11D3-BF4B-00C04F79EFBC}") = "WinFormsApp1", "WinFormsApp1.csproj", "{D99BCEC1-3014-4E86-8184-FF8F71E3F23B}"
EndProject
Global
	GlobalSection(SolutionConfigurationPlatforms) = preSolution
		Debug|Any CPU = Debug|Any CPU
		Release|Any CPU = Release|Any CPU
	EndGlobalSection
	GlobalSection(ProjectConfigurationPlatforms) = postSolution
		{D99BCEC1-3014-4E86-8184-FF8F71E3F23B}.Debug|Any CPU.ActiveCfg = Debug|Any CPU
		{D99BCEC1-3014-4E86-8184-FF8F71E3F23B}.Debug|Any CPU.Build.0 = Debug|Any CPU
		{D99BCEC1-3014-4E86-8184-FF8F71E3F23B}.Release|Any CPU.ActiveCfg = Release|Any CPU
		{D99BCEC1-3014-4E86-8184-FF8F71E3F23B}.Release|Any CPU.Build.0 = Release|Any CPU
	EndGlobalSection
	GlobalSection(SolutionProperties) = preSolution
		HideSolutionNode = FALSE
	EndGlobalSection
	GlobalSection(ExtensibilityGlobals) = postSolution
		SolutionGuid = {86C3CDD9-5517-45F7-9791-AE5EFEE4921A}
	EndGlobalSection
EndGlobal
